// !$*UTF8*$!
{
	archiveVersion = 1;
	classes = {
	};
	objectVersion = 46;
	objects = {

/* Begin PBXBuildFile section */
		53A9CA601C8CBB8500B825F3 /* AppDelegate.swift in Sources */ = {isa = PBXBuildFile; fileRef = 53A9CA5F1C8CBB8500B825F3 /* AppDelegate.swift */; };
		53A9CA621C8CBB8500B825F3 /* ViewController.swift in Sources */ = {isa = PBXBuildFile; fileRef = 53A9CA611C8CBB8500B825F3 /* ViewController.swift */; };
		53A9CA651C8CBB8500B825F3 /* Main.storyboard in Resources */ = {isa = PBXBuildFile; fileRef = 53A9CA631C8CBB8500B825F3 /* Main.storyboard */; };
		53A9CA671C8CBB8500B825F3 /* Assets.xcassets in Resources */ = {isa = PBXBuildFile; fileRef = 53A9CA661C8CBB8500B825F3 /* Assets.xcassets */; };
		53A9CA6A1C8CBB8500B825F3 /* LaunchScreen.storyboard in Resources */ = {isa = PBXBuildFile; fileRef = 53A9CA681C8CBB8500B825F3 /* LaunchScreen.storyboard */; };
		53A9CA771C8CC62500B825F3 /* SimplePing.m in Sources */ = {isa = PBXBuildFile; fileRef = 53A9CA761C8CC62500B825F3 /* SimplePing.m */; };
/* End PBXBuildFile section */

/* Begin PBXFileReference section */
		53A9CA5C1C8CBB8500B825F3 /* browser.app */ = {isa = PBXFileReference; explicitFileType = wrapper.application; includeInIndex = 0; path = browser.app; sourceTree = BUILT_PRODUCTS_DIR; };
		53A9CA5F1C8CBB8500B825F3 /* AppDelegate.swift */ = {isa = PBXFileReference; lastKnownFileType = sourcecode.swift; path = AppDelegate.swift; sourceTree = "<group>"; };
		53A9CA611C8CBB8500B825F3 /* ViewController.swift */ = {isa = PBXFileReference; lastKnownFileType = sourcecode.swift; path = ViewController.swift; sourceTree = "<group>"; };
		53A9CA641C8CBB8500B825F3 /* Base */ = {isa = PBXFileReference; lastKnownFileType = file.storyboard; name = Base; path = Base.lproj/Main.storyboard; sourceTree = "<group>"; };
		53A9CA661C8CBB8500B825F3 /* Assets.xcassets */ = {isa = PBXFileReference; lastKnownFileType = folder.assetcatalog; path = Assets.xcassets; sourceTree = "<group>"; };
		53A9CA691C8CBB8500B825F3 /* Base */ = {isa = PBXFileReference; lastKnownFileType = file.storyboard; name = Base; path = Base.lproj/LaunchScreen.storyboard; sourceTree = "<group>"; };
		53A9CA6B1C8CBB8500B825F3 /* Info.plist */ = {isa = PBXFileReference; lastKnownFileType = text.plist.xml; path = Info.plist; sourceTree = "<group>"; };
		53A9CA741C8CC62400B825F3 /* browser-Bridging-Header.h */ = {isa = PBXFileReference; lastKnownFileType = sourcecode.c.h; path = "browser-Bridging-Header.h"; sourceTree = "<group>"; };
		53A9CA751C8CC62500B825F3 /* SimplePing.h */ = {isa = PBXFileReference; fileEncoding = 4; lastKnownFileType = sourcecode.c.h; name = SimplePing.h; path = ../../../Downloads/SimplePing/SimplePing.h; sourceTree = "<group>"; };
		53A9CA761C8CC62500B825F3 /* SimplePing.m */ = {isa = PBXFileReference; fileEncoding = 4; lastKnownFileType = sourcecode.c.objc; name = SimplePing.m; path = ../../../Downloads/SimplePing/SimplePing.m; sourceTree = "<group>"; };
/* End PBXFileReference section */

/* Begin PBXFrameworksBuildPhase section */
		53A9CA591C8CBB8500B825F3 /* Frameworks */ = {
			isa = PBXFrameworksBuildPhase;
			buildActionMask = 2147483647;
			files = (
			);
			runOnlyForDeploymentPostprocessing = 0;
		};
/* End PBXFrameworksBuildPhase section */

/* Begin PBXGroup section */
		53A9CA531C8CBB8500B825F3 = {
			isa = PBXGroup;
			children = (
				53A9CA5E1C8CBB8500B825F3 /* browser */,
				53A9CA5D1C8CBB8500B825F3 /* Products */,
			);
			sourceTree = "<group>";
		};
		53A9CA5D1C8CBB8500B825F3 /* Products */ = {
			isa = PBXGroup;
			children = (
				53A9CA5C1C8CBB8500B825F3 /* browser.app */,
			);
			name = Products;
			sourceTree = "<group>";
		};
		53A9CA5E1C8CBB8500B825F3 /* browser */ = {
			isa = PBXGroup;
			children = (
				53A9CA751C8CC62500B825F3 /* SimplePing.h */,
				53A9CA761C8CC62500B825F3 /* SimplePing.m */,
				53A9CA5F1C8CBB8500B825F3 /* AppDelegate.swift */,
				53A9CA611C8CBB8500B825F3 /* ViewController.swift */,
				53A9CA631C8CBB8500B825F3 /* Main.storyboard */,
				53A9CA661C8CBB8500B825F3 /* Assets.xcassets */,
				53A9CA681C8CBB8500B825F3 /* LaunchScreen.storyboard */,
				53A9CA6B1C8CBB8500B825F3 /* Info.plist */,
				53A9CA741C8CC62400B825F3 /* browser-Bridging-Header.h */,
			);
			path = browser;
			sourceTree = "<group>";
		};
/* End PBXGroup section */

/* Begin PBXNativeTarget section */
		53A9CA5B1C8CBB8500B825F3 /* browser */ = {
			isa = PBXNativeTarget;
			buildConfigurationList = 53A9CA6E1C8CBB8500B825F3 /* Build configuration list for PBXNativeTarget "browser" */;
			buildPhases = (
				53A9CA581C8CBB8500B825F3 /* Sources */,
				53A9CA591C8CBB8500B825F3 /* Frameworks */,
				53A9CA5A1C8CBB8500B825F3 /* Resources */,
			);
			buildRules = (
			);
			dependencies = (
			);
			name = browser;
			productName = browser;
			productReference = 53A9CA5C1C8CBB8500B825F3 /* browser.app */;
			productType = "com.apple.product-type.application";
		};
/* End PBXNativeTarget section */

/* Begin PBXProject section */
		53A9CA541C8CBB8500B825F3 /* Project object */ = {
			isa = PBXProject;
			attributes = {
				LastSwiftUpdateCheck = 0720;
				LastUpgradeCheck = 0720;
				ORGANIZATIONNAME = "Alexander Manusovich";
				TargetAttributes = {
					53A9CA5B1C8CBB8500B825F3 = {
						CreatedOnToolsVersion = 7.2.1;
					};
				};
			};
			buildConfigurationList = 53A9CA571C8CBB8500B825F3 /* Build configuration list for PBXProject "browser" */;
			compatibilityVersion = "Xcode 3.2";
			developmentRegion = English;
			hasScannedForEncodings = 0;
			knownRegions = (
				en,
				Base,
			);
			mainGroup = 53A9CA531C8CBB8500B825F3;
			productRefGroup = 53A9CA5D1C8CBB8500B825F3 /* Products */;
			projectDirPath = "";
			projectRoot = "";
			targets = (
				53A9CA5B1C8CBB8500B825F3 /* browser */,
			);
		};
/* End PBXProject section */

/* Begin PBXResourcesBuildPhase section */
		53A9CA5A1C8CBB8500B825F3 /* Resources */ = {
			isa = PBXResourcesBuildPhase;
			buildActionMask = 2147483647;
			files = (
				53A9CA6A1C8CBB8500B825F3 /* LaunchScreen.storyboard in Resources */,
				53A9CA671C8CBB8500B825F3 /* Assets.xcassets in Resources */,
				53A9CA651C8CBB8500B825F3 /* Main.storyboard in Resources */,
			);
			runOnlyForDeploymentPostprocessing = 0;
		};
/* End PBXResourcesBuildPhase section */

/* Begin PBXSourcesBuildPhase section */
		53A9CA581C8CBB8500B825F3 /* Sources */ = {
			isa = PBXSourcesBuildPhase;
			buildActionMask = 2147483647;
			files = (
				53A9CA771C8CC62500B825F3 /* SimplePing.m in Sources */,
				53A9CA621C8CBB8500B825F3 /* ViewController.swift in Sources */,
				53A9CA601C8CBB8500B825F3 /* AppDelegate.swift in Sources */,
			);
			runOnlyForDeploymentPostprocessing = 0;
		};
/* End PBXSourcesBuildPhase section */

/* Begin PBXVariantGroup section */
		53A9CA631C8CBB8500B825F3 /* Main.storyboard */ = {
			isa = PBXVariantGroup;
			children = (
				53A9CA641C8CBB8500B825F3 /* Base */,
			);
			name = Main.storyboard;
			sourceTree = "<group>";
		};
		53A9CA681C8CBB8500B825F3 /* LaunchScreen.storyboard */ = {
			isa = PBXVariantGroup;
			children = (
				53A9CA691C8CBB8500B825F3 /* Base */,
			);
			name = LaunchScreen.storyboard;
			sourceTree = "<group>";
		};
/* End PBXVariantGroup section */

/* Begin XCBuildConfiguration section */
		53A9CA6C1C8CBB8500B825F3 /* Debug */ = {
			isa = XCBuildConfiguration;
			buildSettings = {
				ALWAYS_SEARCH_USER_PATHS = NO;
				CLANG_CXX_LANGUAGE_STANDARD = "gnu++0x";
				CLANG_CXX_LIBRARY = "libc++";
				CLANG_ENABLE_MODULES = YES;
				CLANG_ENABLE_OBJC_ARC = YES;
				CLANG_WARN_BOOL_CONVERSION = YES;
				CLANG_WARN_CONSTANT_CONVERSION = YES;
				CLANG_WARN_DIRECT_OBJC_ISA_USAGE = YES_ERROR;
				CLANG_WARN_EMPTY_BODY = YES;
				CLANG_WARN_ENUM_CONVERSION = YES;
				CLANG_WARN_INT_CONVERSION = YES;
				CLANG_WARN_OBJC_ROOT_CLASS = YES_ERROR;
				CLANG_WARN_UNREACHABLE_CODE = YES;
				CLANG_WARN__DUPLICATE_METHOD_MATCH = YES;
				"CODE_SIGN_IDENTITY[sdk=iphoneos*]" = "iPhone Developer";
				COPY_PHASE_STRIP = NO;
				DEBUG_INFORMATION_FORMAT = dwarf;
				ENABLE_STRICT_OBJC_MSGSEND = YES;
				ENABLE_TESTABILITY = YES;
				GCC_C_LANGUAGE_STANDARD = gnu99;
				GCC_DYNAMIC_NO_PIC = NO;
				GCC_NO_COMMON_BLOCKS = YES;
				GCC_OPTIMIZATION_LEVEL = 0;
				GCC_PREPROCESSOR_DEFINITIONS = (
					"DEBUG=1",
					"$(inherited)",
				);
				GCC_WARN_64_TO_32_BIT_CONVERSION = YES;
				GCC_WARN_ABOUT_RETURN_TYPE = YES_ERROR;
				GCC_WARN_UNDECLARED_SELECTOR = YES;
				GCC_WARN_UNINITIALIZED_AUTOS = YES_AGGRESSIVE;
				GCC_WARN_UNUSED_FUNCTION = YES;
				GCC_WARN_UNUSED_VARIABLE = YES;
				IPHONEOS_DEPLOYMENT_TARGET = 9.2;
				MTL_ENABLE_DEBUG_INFO = YES;
				ONLY_ACTIVE_ARCH = YES;
				SDKROOT = iphoneos;
				SWIFT_OPTIMIZATION_LEVEL = "-Onone";
				TARGETED_DEVICE_FAMILY = 2;
			};
			name = Debug;
		};
		53A9CA6D1C8CBB8500B825F3 /* Release */ = {
			isa = XCBuildConfiguration;
			buildSettings = {
				ALWAYS_SEARCH_USER_PATHS = NO;
				CLANG_CXX_LANGUAGE_STANDARD = "gnu++0x";
				CLANG_CXX_LIBRARY = "libc++";
				CLANG_ENABLE_MODULES = YES;
				CLANG_ENABLE_OBJC_ARC = YES;
				CLANG_WARN_BOOL_CONVERSION = YES;
				CLANG_WARN_CONSTANT_CONVERSION = YES;
				CLANG_WARN_DIRECT_OBJC_ISA_USAGE = YES_ERROR;
				CLANG_WARN_EMPTY_BODY = YES;
				CLANG_WARN_ENUM_CONVERSION = YES;
				CLANG_WARN_INT_CONVERSION = YES;
				CLANG_WARN_OBJC_ROOT_CLASS = YES_ERROR;
				CLANG_WARN_UNREACHABLE_CODE = YES;
				CLANG_WARN__DUPLICATE_METHOD_MATCH = YES;
				"CODE_SIGN_IDENTITY[sdk=iphoneos*]" = "iPhone Developer";
				COPY_PHASE_STRIP = NO;
				DEBUG_INFORMATION_FORMAT = "dwarf-with-dsym";
				ENABLE_NS_ASSERTIONS = NO;
				ENABLE_STRICT_OBJC_MSGSEND = YES;
				GCC_C_LANGUAGE_STANDARD = gnu99;
				GCC_NO_COMMON_BLOCKS = YES;
				GCC_WARN_64_TO_32_BIT_CONVERSION = YES;
				GCC_WARN_ABOUT_RETURN_TYPE = YES_ERROR;
				GCC_WARN_UNDECLARED_SELECTOR = YES;
				GCC_WARN_UNINITIALIZED_AUTOS = YES_AGGRESSIVE;
				GCC_WARN_UNUSED_FUNCTION = YES;
				GCC_WARN_UNUSED_VARIABLE = YES;
				IPHONEOS_DEPLOYMENT_TARGET = 9.2;
				MTL_ENABLE_DEBUG_INFO = NO;
				SDKROOT = iphoneos;
				TARGETED_DEVICE_FAMILY = 2;
				VALIDATE_PRODUCT = YES;
			};
			name = Release;
		};
		53A9CA6F1C8CBB8500B825F3 /* Debug */ = {
			isa = XCBuildConfiguration;
			buildSettings = {
				ASSETCATALOG_COMPILER_APPICON_NAME = AppIcon;
				CLANG_ENABLE_MODULES = YES;
				INFOPLIST_FILE = browser/Info.plist;
				LD_RUNPATH_SEARCH_PATHS = "$(inherited) @executable_path/Frameworks";
				PRODUCT_BUNDLE_IDENTIFIER = com.malex.browser;
				PRODUCT_NAME = "$(TARGET_NAME)";
				SWIFT_OBJC_BRIDGING_HEADER = "browser/browser-Bridging-Header.h";
				SWIFT_OPTIMIZATION_LEVEL = "-Onone";
			};
			name = Debug;
		};
		53A9CA701C8CBB8500B825F3 /* Release */ = {
			isa = XCBuildConfiguration;
			buildSettings = {
				ASSETCATALOG_COMPILER_APPICON_NAME = AppIcon;
				CLANG_ENABLE_MODULES = YES;
				INFOPLIST_FILE = browser/Info.plist;
				LD_RUNPATH_SEARCH_PATHS = "$(inherited) @executable_path/Frameworks";
				PRODUCT_BUNDLE_IDENTIFIER = com.malex.browser;
				PRODUCT_NAME = "$(TARGET_NAME)";
				SWIFT_OBJC_BRIDGING_HEADER = "browser/browser-Bridging-Header.h";
			};
			name = Release;
		};
/* End XCBuildConfiguration section */

/* Begin XCConfigurationList section */
		53A9CA571C8CBB8500B825F3 /* Build configuration list for PBXProject "browser" */ = {
			isa = XCConfigurationList;
			buildConfigurations = (
				53A9CA6C1C8CBB8500B825F3 /* Debug */,
				53A9CA6D1C8CBB8500B825F3 /* Release */,
			);
			defaultConfigurationIsVisible = 0;
			defaultConfigurationName = Release;
		};
		53A9CA6E1C8CBB8500B825F3 /* Build configuration list for PBXNativeTarget "browser" */ = {
			isa = XCConfigurationList;
			buildConfigurations = (
				53A9CA6F1C8CBB8500B825F3 /* Debug */,
				53A9CA701C8CBB8500B825F3 /* Release */,
			);
			defaultConfigurationIsVisible = 0;
		};
/* End XCConfigurationList section */
	};
	rootObject = 53A9CA541C8CBB8500B825F3 /* Project object */;
}
